
Microsoft Visual Studio Solution File, Format Version 12.00
# Visual Studio Version 17
VisualStudioVersion = 17.4.33205.214
MinimumVisualStudioVersion = 10.0.40219.1
Project("{FAE04EC0-301F-11D3-BF4B-00C04F79EFBC}") = "MvcMovie", "MvcMovie\MvcMovie.csproj", "{96FDF31E-4AFC-4E5B-9ADD-8DBF310EC679}"
EndProject
Global
	GlobalSection(SolutionConfigurationPlatforms) = preSolution
		Debug|Any CPU = Debug|Any CPU
		Release|Any CPU = Release|Any CPU
	EndGlobalSection
	GlobalSection(ProjectConfigurationPlatforms) = postSolution
		{96FDF31E-4AFC-4E5B-9ADD-8DBF310EC679}.Debug|Any CPU.ActiveCfg = Debug|Any CPU
		{96FDF31E-4AFC-4E5B-9ADD-8DBF310EC679}.Debug|Any CPU.Build.0 = Debug|Any CPU
		{96FDF31E-4AFC-4E5B-9ADD-8DBF310EC679}.Release|Any CPU.ActiveCfg = Release|Any CPU
		{96FDF31E-4AFC-4E5B-9ADD-8DBF310EC679}.Release|Any CPU.Build.0 = Release|Any CPU
	EndGlobalSection
	GlobalSection(SolutionProperties) = preSolution
		HideSolutionNode = FALSE
	EndGlobalSection
	GlobalSection(ExtensibilityGlobals) = postSolution
		SolutionGuid = {78C9D103-BC86-43C6-B21B-309C8BFF2FA5}
	EndGlobalSection
EndGlobal
